{
  "object": {
    "pins": [
      {
        "package": "RudifaUtilPkg",
        "repositoryURL": "https://github.com/rudifa/RudifaUtilPkg.git",
        "state": {
          "branch": null,
          "revision": "52ab4c56fe8d8285155c0e2f8d1dbb771c149ae6",
          "version": "0.0.1"
        }
      }
    ]
  },
  "version": 1
}
