{
  "object": {
    "pins": [
      {
        "package": "BarChartPkg",
        "repositoryURL": "https://github.com/rudifa/BarChartPkg.git",
        "state": {
          "branch": null,
          "revision": "f267272fd614c9c6eb1ccb04d6d2a51fed18fda7",
          "version": "1.0.0"
        }
      },
      {
        "package": "RudifaUtilPkg",
        "repositoryURL": "https://github.com/rudifa/RudifaUtilPkg.git",
        "state": {
          "branch": null,
          "revision": "0b4de88246b7f895789b54c1377fa770f06b6eef",
          "version": "1.1.0"
        }
      }
    ]
  },
  "version": 1
}
