{
  "object": {
    "pins": [
      {
        "package": "RudifaUtilPkg",
        "repositoryURL": "https://github.com/rudifa/RudifaUtilPkg.git",
        "state": {
          "branch": null,
          "revision": "bfd849731b255c00e96b8732c0aa4bcc4e536afb",
          "version": "0.0.3"
        }
      }
    ]
  },
  "version": 1
}
